github.com/PaulSonOfLars/gotgbot/v2 v2.0.0-rc.26 h1:u1ZGYo3ml5ouOI9rCIknF0JO9REeKb69E6drCwZgZdc=
github.com/PaulSonOfLars/gotgbot/v2 v2.0.0-rc.26/go.mod h1:kL1v4iIjlalwm3gCYGvF4NLa3hs+aKEfRkNJvj4aoDU=
github.com/joho/godotenv v1.5.1 h1:7eLL/+HRGLY0ldzfGMeQkb7vMd0as4CfYvUVzLqw0N0=
github.com/joho/godotenv v1.5.1/go.mod h1:f4LDr5Voq0i2e/R5DDNOoa2zzDfwtkZa6DnEwAbqwq4=
